
Microsoft Visual Studio Solution File, Format Version 12.00
# Visual Studio Version 16
VisualStudioVersion = 16.0.30503.244
MinimumVisualStudioVersion = 10.0.40219.1
Project("{FAE04EC0-301F-11D3-BF4B-00C04F79EFBC}") = "OnlineShoppingStore.Domain", "OnlineShoppingStore.Domain\OnlineShoppingStore.Domain.csproj", "{DB93746B-59BB-4668-AAB6-FE4280AC7B14}"
EndProject
Project("{FAE04EC0-301F-11D3-BF4B-00C04F79EFBC}") = "OnlineShoppingStore.WebUI", "OnlineShopping.WebUI\OnlineShoppingStore.WebUI.csproj", "{674AD048-9EF8-4294-B31D-CBF7A3F4508A}"
EndProject
Global
	GlobalSection(SolutionConfigurationPlatforms) = preSolution
		Debug|Any CPU = Debug|Any CPU
		Release|Any CPU = Release|Any CPU
	EndGlobalSection
	GlobalSection(ProjectConfigurationPlatforms) = postSolution
		{DB93746B-59BB-4668-AAB6-FE4280AC7B14}.Debug|Any CPU.ActiveCfg = Debug|Any CPU
		{DB93746B-59BB-4668-AAB6-FE4280AC7B14}.Debug|Any CPU.Build.0 = Debug|Any CPU
		{DB93746B-59BB-4668-AAB6-FE4280AC7B14}.Release|Any CPU.ActiveCfg = Release|Any CPU
		{DB93746B-59BB-4668-AAB6-FE4280AC7B14}.Release|Any CPU.Build.0 = Release|Any CPU
		{674AD048-9EF8-4294-B31D-CBF7A3F4508A}.Debug|Any CPU.ActiveCfg = Debug|Any CPU
		{674AD048-9EF8-4294-B31D-CBF7A3F4508A}.Debug|Any CPU.Build.0 = Debug|Any CPU
		{674AD048-9EF8-4294-B31D-CBF7A3F4508A}.Release|Any CPU.ActiveCfg = Release|Any CPU
		{674AD048-9EF8-4294-B31D-CBF7A3F4508A}.Release|Any CPU.Build.0 = Release|Any CPU
	EndGlobalSection
	GlobalSection(SolutionProperties) = preSolution
		HideSolutionNode = FALSE
	EndGlobalSection
	GlobalSection(ExtensibilityGlobals) = postSolution
		SolutionGuid = {C47AE294-D305-43F7-A1EE-88DCAFA8A1A9}
	EndGlobalSection
EndGlobal
